
Microsoft Visual Studio Solution File, Format Version 12.00
# Visual Studio 15
VisualStudioVersion = 15.0.26430.13
MinimumVisualStudioVersion = 10.0.40219.1
Project("{FAE04EC0-301F-11D3-BF4B-00C04F79EFBC}") = "Homework1", "Homework1\Homework1.csproj", "{B8506EBA-EC86-47ED-B516-D2F38BAFF9AC}"
EndProject
Project("{FAE04EC0-301F-11D3-BF4B-00C04F79EFBC}") = "Homework2", "Homework2\Homework2.csproj", "{7AEB064F-0C94-4326-B670-34B0C0E38F47}"
EndProject
Project("{FAE04EC0-301F-11D3-BF4B-00C04F79EFBC}") = "Homework3", "Homework3\Homework3.csproj", "{08205F57-1A39-4112-BEB5-5D9925BCF3FF}"
EndProject
Project("{FAE04EC0-301F-11D3-BF4B-00C04F79EFBC}") = "Homework5_part1", "Homework5\Homework5_part1.csproj", "{B4772EE4-50CF-4632-B568-42096870B113}"
EndProject
Project("{FAE04EC0-301F-11D3-BF4B-00C04F79EFBC}") = "Homework5_Part2", "Homework5_Part2\Homework5_Part2.csproj", "{60CF4569-0A81-48C6-877A-D3A5ED2F0F77}"
EndProject
Project("{FAE04EC0-301F-11D3-BF4B-00C04F79EFBC}") = "Homework6_Part1", "Homework6_Part1\Homework6_Part1.csproj", "{189273AE-628D-4F1E-B045-76DC33B63909}"
EndProject
Project("{FAE04EC0-301F-11D3-BF4B-00C04F79EFBC}") = "Homework6_Part2", "Homework6_Part2\Homework6_Part2.csproj", "{68A857DC-16EF-4CD3-BDCE-97F49EB1CCBC}"
EndProject
Project("{FAE04EC0-301F-11D3-BF4B-00C04F79EFBC}") = "Homework7", "Homework7\Homework7.csproj", "{4BCC5E7F-9A77-481A-842F-A985B0893FC9}"
EndProject
Project("{FAE04EC0-301F-11D3-BF4B-00C04F79EFBC}") = "Homework9_UnitTests", "Homework9_UnitTests\Homework9_UnitTests.csproj", "{FEE054B6-77D9-469B-982B-D40C3B10765A}"
EndProject
Project("{FAE04EC0-301F-11D3-BF4B-00C04F79EFBC}") = "Homework9_UnitTests.Tests", "Homework9_UnitTests.Tests\Homework9_UnitTests.Tests.csproj", "{F56867FD-FBFA-4826-ACCA-FC98DB70B21F}"
EndProject
Project("{2150E333-8FDC-42A3-9474-1A3956D46DE8}") = "Homework 9 Unit Tests", "Homework 9 Unit Tests", "{A7DA67A3-1A73-4739-8D35-4B91AEB79193}"
EndProject
Project("{2150E333-8FDC-42A3-9474-1A3956D46DE8}") = "Homework 1", "Homework 1", "{AFB3B756-D17E-4532-846E-9DCC878C625A}"
EndProject
Project("{2150E333-8FDC-42A3-9474-1A3956D46DE8}") = "Homework 3", "Homework 3", "{E1EAAEBE-8CDC-4FA5-9EAC-CE5DA9B36E6B}"
EndProject
Project("{2150E333-8FDC-42A3-9474-1A3956D46DE8}") = "Homework 2", "Homework 2", "{A485623B-87F7-4D98-8B17-1AD08DFA127D}"
EndProject
Project("{2150E333-8FDC-42A3-9474-1A3956D46DE8}") = "Homework 5", "Homework 5", "{24DF271A-8510-4AAB-9F66-F9B401367FF9}"
EndProject
Project("{2150E333-8FDC-42A3-9474-1A3956D46DE8}") = "Homework 6", "Homework 6", "{DAD45B6B-51D0-4789-B2E2-EA13D5754C52}"
EndProject
Project("{2150E333-8FDC-42A3-9474-1A3956D46DE8}") = "Homework 7 Inheritance Abstract class Polimorphism", "Homework 7 Inheritance Abstract class Polimorphism", "{ADAA2BB8-D7D6-4645-B3C0-C3C8ACB02ACB}"
EndProject
Project("{2150E333-8FDC-42A3-9474-1A3956D46DE8}") = "Homework 8", "Homework 8", "{91A3DDB7-FCEB-40E3-9224-F6DA6308D39A}"
EndProject
Project("{FAE04EC0-301F-11D3-BF4B-00C04F79EFBC}") = "Homework_Part1", "Homework8\Homework_Part1.csproj", "{801B991A-EA7F-456E-8B35-53E2692ADFE8}"
EndProject
Project("{FAE04EC0-301F-11D3-BF4B-00C04F79EFBC}") = "Homework8_Part2", "Homework8_Part2\Homework8_Part2.csproj", "{5F571E4C-E7CE-49BB-99BA-D4D30DF7949B}"
EndProject
Project("{2150E333-8FDC-42A3-9474-1A3956D46DE8}") = "Tests", "Tests", "{5A4B547D-502D-42B8-8152-334693BE3AA9}"
EndProject
Project("{FAE04EC0-301F-11D3-BF4B-00C04F79EFBC}") = "Homework7_Tests", "Homework7_Tests\Homework7_Tests.csproj", "{0B8FEC9E-CF02-4D13-A8FC-D87767C96BA7}"
EndProject
Global
	GlobalSection(SolutionConfigurationPlatforms) = preSolution
		Debug|Any CPU = Debug|Any CPU
		Release|Any CPU = Release|Any CPU
	EndGlobalSection
	GlobalSection(ProjectConfigurationPlatforms) = postSolution
		{B8506EBA-EC86-47ED-B516-D2F38BAFF9AC}.Debug|Any CPU.ActiveCfg = Debug|Any CPU
		{B8506EBA-EC86-47ED-B516-D2F38BAFF9AC}.Debug|Any CPU.Build.0 = Debug|Any CPU
		{B8506EBA-EC86-47ED-B516-D2F38BAFF9AC}.Release|Any CPU.ActiveCfg = Release|Any CPU
		{B8506EBA-EC86-47ED-B516-D2F38BAFF9AC}.Release|Any CPU.Build.0 = Release|Any CPU
		{7AEB064F-0C94-4326-B670-34B0C0E38F47}.Debug|Any CPU.ActiveCfg = Debug|Any CPU
		{7AEB064F-0C94-4326-B670-34B0C0E38F47}.Debug|Any CPU.Build.0 = Debug|Any CPU
		{7AEB064F-0C94-4326-B670-34B0C0E38F47}.Release|Any CPU.ActiveCfg = Release|Any CPU
		{7AEB064F-0C94-4326-B670-34B0C0E38F47}.Release|Any CPU.Build.0 = Release|Any CPU
		{08205F57-1A39-4112-BEB5-5D9925BCF3FF}.Debug|Any CPU.ActiveCfg = Debug|Any CPU
		{08205F57-1A39-4112-BEB5-5D9925BCF3FF}.Debug|Any CPU.Build.0 = Debug|Any CPU
		{08205F57-1A39-4112-BEB5-5D9925BCF3FF}.Release|Any CPU.ActiveCfg = Release|Any CPU
		{08205F57-1A39-4112-BEB5-5D9925BCF3FF}.Release|Any CPU.Build.0 = Release|Any CPU
		{B4772EE4-50CF-4632-B568-42096870B113}.Debug|Any CPU.ActiveCfg = Debug|Any CPU
		{B4772EE4-50CF-4632-B568-42096870B113}.Debug|Any CPU.Build.0 = Debug|Any CPU
		{B4772EE4-50CF-4632-B568-42096870B113}.Release|Any CPU.ActiveCfg = Release|Any CPU
		{B4772EE4-50CF-4632-B568-42096870B113}.Release|Any CPU.Build.0 = Release|Any CPU
		{60CF4569-0A81-48C6-877A-D3A5ED2F0F77}.Debug|Any CPU.ActiveCfg = Debug|Any CPU
		{60CF4569-0A81-48C6-877A-D3A5ED2F0F77}.Debug|Any CPU.Build.0 = Debug|Any CPU
		{60CF4569-0A81-48C6-877A-D3A5ED2F0F77}.Release|Any CPU.ActiveCfg = Release|Any CPU
		{60CF4569-0A81-48C6-877A-D3A5ED2F0F77}.Release|Any CPU.Build.0 = Release|Any CPU
		{189273AE-628D-4F1E-B045-76DC33B63909}.Debug|Any CPU.ActiveCfg = Debug|Any CPU
		{189273AE-628D-4F1E-B045-76DC33B63909}.Debug|Any CPU.Build.0 = Debug|Any CPU
		{189273AE-628D-4F1E-B045-76DC33B63909}.Release|Any CPU.ActiveCfg = Release|Any CPU
		{189273AE-628D-4F1E-B045-76DC33B63909}.Release|Any CPU.Build.0 = Release|Any CPU
		{68A857DC-16EF-4CD3-BDCE-97F49EB1CCBC}.Debug|Any CPU.ActiveCfg = Debug|Any CPU
		{68A857DC-16EF-4CD3-BDCE-97F49EB1CCBC}.Debug|Any CPU.Build.0 = Debug|Any CPU
		{68A857DC-16EF-4CD3-BDCE-97F49EB1CCBC}.Release|Any CPU.ActiveCfg = Release|Any CPU
		{68A857DC-16EF-4CD3-BDCE-97F49EB1CCBC}.Release|Any CPU.Build.0 = Release|Any CPU
		{4BCC5E7F-9A77-481A-842F-A985B0893FC9}.Debug|Any CPU.ActiveCfg = Debug|Any CPU
		{4BCC5E7F-9A77-481A-842F-A985B0893FC9}.Debug|Any CPU.Build.0 = Debug|Any CPU
		{4BCC5E7F-9A77-481A-842F-A985B0893FC9}.Release|Any CPU.ActiveCfg = Release|Any CPU
		{4BCC5E7F-9A77-481A-842F-A985B0893FC9}.Release|Any CPU.Build.0 = Release|Any CPU
		{FEE054B6-77D9-469B-982B-D40C3B10765A}.Debug|Any CPU.ActiveCfg = Debug|Any CPU
		{FEE054B6-77D9-469B-982B-D40C3B10765A}.Debug|Any CPU.Build.0 = Debug|Any CPU
		{FEE054B6-77D9-469B-982B-D40C3B10765A}.Release|Any CPU.ActiveCfg = Release|Any CPU
		{FEE054B6-77D9-469B-982B-D40C3B10765A}.Release|Any CPU.Build.0 = Release|Any CPU
		{F56867FD-FBFA-4826-ACCA-FC98DB70B21F}.Debug|Any CPU.ActiveCfg = Debug|Any CPU
		{F56867FD-FBFA-4826-ACCA-FC98DB70B21F}.Debug|Any CPU.Build.0 = Debug|Any CPU
		{F56867FD-FBFA-4826-ACCA-FC98DB70B21F}.Release|Any CPU.ActiveCfg = Release|Any CPU
		{F56867FD-FBFA-4826-ACCA-FC98DB70B21F}.Release|Any CPU.Build.0 = Release|Any CPU
		{801B991A-EA7F-456E-8B35-53E2692ADFE8}.Debug|Any CPU.ActiveCfg = Debug|Any CPU
		{801B991A-EA7F-456E-8B35-53E2692ADFE8}.Debug|Any CPU.Build.0 = Debug|Any CPU
		{801B991A-EA7F-456E-8B35-53E2692ADFE8}.Release|Any CPU.ActiveCfg = Release|Any CPU
		{801B991A-EA7F-456E-8B35-53E2692ADFE8}.Release|Any CPU.Build.0 = Release|Any CPU
		{5F571E4C-E7CE-49BB-99BA-D4D30DF7949B}.Debug|Any CPU.ActiveCfg = Debug|Any CPU
		{5F571E4C-E7CE-49BB-99BA-D4D30DF7949B}.Debug|Any CPU.Build.0 = Debug|Any CPU
		{5F571E4C-E7CE-49BB-99BA-D4D30DF7949B}.Release|Any CPU.ActiveCfg = Release|Any CPU
		{5F571E4C-E7CE-49BB-99BA-D4D30DF7949B}.Release|Any CPU.Build.0 = Release|Any CPU
		{0B8FEC9E-CF02-4D13-A8FC-D87767C96BA7}.Debug|Any CPU.ActiveCfg = Debug|Any CPU
		{0B8FEC9E-CF02-4D13-A8FC-D87767C96BA7}.Debug|Any CPU.Build.0 = Debug|Any CPU
		{0B8FEC9E-CF02-4D13-A8FC-D87767C96BA7}.Release|Any CPU.ActiveCfg = Release|Any CPU
		{0B8FEC9E-CF02-4D13-A8FC-D87767C96BA7}.Release|Any CPU.Build.0 = Release|Any CPU
	EndGlobalSection
	GlobalSection(SolutionProperties) = preSolution
		HideSolutionNode = FALSE
	EndGlobalSection
	GlobalSection(NestedProjects) = preSolution
		{B8506EBA-EC86-47ED-B516-D2F38BAFF9AC} = {AFB3B756-D17E-4532-846E-9DCC878C625A}
		{7AEB064F-0C94-4326-B670-34B0C0E38F47} = {A485623B-87F7-4D98-8B17-1AD08DFA127D}
		{08205F57-1A39-4112-BEB5-5D9925BCF3FF} = {E1EAAEBE-8CDC-4FA5-9EAC-CE5DA9B36E6B}
		{B4772EE4-50CF-4632-B568-42096870B113} = {24DF271A-8510-4AAB-9F66-F9B401367FF9}
		{60CF4569-0A81-48C6-877A-D3A5ED2F0F77} = {24DF271A-8510-4AAB-9F66-F9B401367FF9}
		{189273AE-628D-4F1E-B045-76DC33B63909} = {DAD45B6B-51D0-4789-B2E2-EA13D5754C52}
		{68A857DC-16EF-4CD3-BDCE-97F49EB1CCBC} = {DAD45B6B-51D0-4789-B2E2-EA13D5754C52}
		{4BCC5E7F-9A77-481A-842F-A985B0893FC9} = {ADAA2BB8-D7D6-4645-B3C0-C3C8ACB02ACB}
		{FEE054B6-77D9-469B-982B-D40C3B10765A} = {A7DA67A3-1A73-4739-8D35-4B91AEB79193}
		{F56867FD-FBFA-4826-ACCA-FC98DB70B21F} = {5A4B547D-502D-42B8-8152-334693BE3AA9}
		{801B991A-EA7F-456E-8B35-53E2692ADFE8} = {91A3DDB7-FCEB-40E3-9224-F6DA6308D39A}
		{5F571E4C-E7CE-49BB-99BA-D4D30DF7949B} = {91A3DDB7-FCEB-40E3-9224-F6DA6308D39A}
		{5A4B547D-502D-42B8-8152-334693BE3AA9} = {A7DA67A3-1A73-4739-8D35-4B91AEB79193}
		{0B8FEC9E-CF02-4D13-A8FC-D87767C96BA7} = {ADAA2BB8-D7D6-4645-B3C0-C3C8ACB02ACB}
	EndGlobalSection
EndGlobal
